{
  "name": "asproject",
  "version": "1.0.0",
  "lockfileVersion": 3,
  "requires": true,
  "packages": {
    "": {
      "name": "asproject",
      "version": "1.0.0",
      "license": "ISC",
      "dependencies": {
        "@loupeteam/stringext": "^0.14.4",
        "@loupeteam/vartools": "^0.11.3"
      }
    },
    "node_modules/@loupeteam/stringext": {
      "version": "0.14.4",
      "resolved": "https://npm.pkg.github.com/download/@loupeteam/stringext/0.14.4/94cecc972c68673d69c605dba4b7904618e24cfc",
      "integrity": "sha512-IhMDGSyclNrv5mYs+kyqN5OHLQrSsktZFvULrWgwr3lg0/Bl+xiO6EvehLWRbZNWZUGWFeaYhBSevv73tIZqow==",
      "license": "Loupe Software License Agreement"
    },
    "node_modules/@loupeteam/vartools": {
      "version": "0.11.3",
      "resolved": "https://npm.pkg.github.com/download/@loupeteam/vartools/0.11.3/ddcb03ef140830ba88479a4155ba9c8c31f25de9",
      "integrity": "sha512-hE9F31W43qW43k6/bsU3fFyE9eIa/4Br3KN0DKB38c5JuxR+PtRv01zQphrSuTKc2Zoanj0hhWfs6tW+4Y2Kow==",
      "license": "Loupe Software License Agreement",
      "dependencies": {
        "@loupeteam/stringext": ">=0.14.0 <=0.14.9"
      }
    }
  }
}
