{
    "name": "@loupeteam/librarybuilderproject",
    "version": "0.2.0",
    "lockfileVersion": 3,
    "requires": true,
    "packages": {
        "": {
            "name": "@loupeteam/librarybuilderproject",
            "version": "0.2.0",
            "license": "MIT",
            "dependencies": {
                "@loupeteam/stringext": "^1.0.0"
            }
        },
        "node_modules/@loupeteam/stringext": {
            "version": "1.0.0",
            "resolved": "https://npm.pkg.github.com/download/@loupeteam/stringext/1.0.0/9da05bfa435b70b88d57f6a3abe7e1b03d1ac9f4",
            "integrity": "sha512-CkwWziPxGwLisndcMunmR7DLdX1tvrt1hxHVn9ZYqJ8L6defPZr/ZWutpT+qhQJgoQnt5n+N48M1gbv6WclTHg==",
            "license": "MIT"
        }
    }
}
